
Microsoft Visual Studio Solution File, Format Version 12.00
Project("{FAE04EC0-301F-11D3-BF4B-00C04F79EFBC}") = "HuffmanTrees", "HuffmanTrees.csproj", "{6DD3A24B-9A17-4AF4-9F49-7F0A4AA7AB2C}"
EndProject
Project("{FAE04EC0-301F-11D3-BF4B-00C04F79EFBC}") = "Huffman2_Tests", "Huffman2_Tests\Huffman2_Tests.csproj", "{80FD8E77-1D3B-4147-B348-5245ACE4DE81}"
EndProject
Global
	GlobalSection(SolutionConfigurationPlatforms) = preSolution
		Debug|Any CPU = Debug|Any CPU
		Release|Any CPU = Release|Any CPU
	EndGlobalSection
	GlobalSection(ProjectConfigurationPlatforms) = postSolution
		{6DD3A24B-9A17-4AF4-9F49-7F0A4AA7AB2C}.Debug|Any CPU.ActiveCfg = Debug|Any CPU
		{6DD3A24B-9A17-4AF4-9F49-7F0A4AA7AB2C}.Debug|Any CPU.Build.0 = Debug|Any CPU
		{6DD3A24B-9A17-4AF4-9F49-7F0A4AA7AB2C}.Release|Any CPU.ActiveCfg = Release|Any CPU
		{6DD3A24B-9A17-4AF4-9F49-7F0A4AA7AB2C}.Release|Any CPU.Build.0 = Release|Any CPU
		{80FD8E77-1D3B-4147-B348-5245ACE4DE81}.Debug|Any CPU.ActiveCfg = Debug|Any CPU
		{80FD8E77-1D3B-4147-B348-5245ACE4DE81}.Debug|Any CPU.Build.0 = Debug|Any CPU
		{80FD8E77-1D3B-4147-B348-5245ACE4DE81}.Release|Any CPU.ActiveCfg = Release|Any CPU
		{80FD8E77-1D3B-4147-B348-5245ACE4DE81}.Release|Any CPU.Build.0 = Release|Any CPU
	EndGlobalSection
EndGlobal
